
Microsoft Visual Studio Solution File, Format Version 12.00
# Visual Studio Version 17
VisualStudioVersion = 17.2.32516.85
MinimumVisualStudioVersion = 10.0.40219.1
Project("{FAE04EC0-301F-11D3-BF4B-00C04F79EFBC}") = "MasteringWebForm", "MasteringWebForm\MasteringWebForm.csproj", "{060D3F2F-71B2-4ECC-A6F7-F0AF4997319D}"
EndProject
Global
	GlobalSection(SolutionConfigurationPlatforms) = preSolution
		Debug|Any CPU = Debug|Any CPU
		Release|Any CPU = Release|Any CPU
	EndGlobalSection
	GlobalSection(ProjectConfigurationPlatforms) = postSolution
		{060D3F2F-71B2-4ECC-A6F7-F0AF4997319D}.Debug|Any CPU.ActiveCfg = Debug|Any CPU
		{060D3F2F-71B2-4ECC-A6F7-F0AF4997319D}.Debug|Any CPU.Build.0 = Debug|Any CPU
		{060D3F2F-71B2-4ECC-A6F7-F0AF4997319D}.Release|Any CPU.ActiveCfg = Release|Any CPU
		{060D3F2F-71B2-4ECC-A6F7-F0AF4997319D}.Release|Any CPU.Build.0 = Release|Any CPU
	EndGlobalSection
	GlobalSection(SolutionProperties) = preSolution
		HideSolutionNode = FALSE
	EndGlobalSection
	GlobalSection(ExtensibilityGlobals) = postSolution
		SolutionGuid = {70206025-1854-4834-A146-2AA435565A73}
	EndGlobalSection
EndGlobal
